// !$*UTF8*$!
{
	archiveVersion = 1;
	classes = {
	};
	objectVersion = 56;
	objects = {

/* Begin PBXBuildFile section */
		C20305C028FA93D000CEED74 /* DownloadJSONFromAPI22.swift in Sources */ = {isa = PBXBuildFile; fileRef = C20305BF28FA93D000CEED74 /* DownloadJSONFromAPI22.swift */; };
		C20C504428E98472006FEB1D /* FruitViewModel.swift in Sources */ = {isa = PBXBuildFile; fileRef = C20C504328E98472006FEB1D /* FruitViewModel.swift */; };
		C20C504728E989ED006FEB1D /* CLCoreDataRelationship16.swift in Sources */ = {isa = PBXBuildFile; fileRef = C20C504628E989ED006FEB1D /* CLCoreDataRelationship16.swift */; };
		C20C504A28E98BE3006FEB1D /* CoreDataContainer.xcdatamodeld in Sources */ = {isa = PBXBuildFile; fileRef = C20C504828E98BE3006FEB1D /* CoreDataContainer.xcdatamodeld */; };
		C20E714428F6AB3200687AC9 /* CLCodable21.swift in Sources */ = {isa = PBXBuildFile; fileRef = C20E714328F6AB3200687AC9 /* CLCodable21.swift */; };
		C22000A128E5CD8A00DF61CC /* CLCoreData15.swift in Sources */ = {isa = PBXBuildFile; fileRef = C22000A028E5CD8A00DF61CC /* CLCoreData15.swift */; };
		C22741F328D3380500683444 /* CLLongPress#1.swift in Sources */ = {isa = PBXBuildFile; fileRef = C22741F228D3380500683444 /* CLLongPress#1.swift */; };
		C258564A28DC533500D5C698 /* PersonModel.swift in Sources */ = {isa = PBXBuildFile; fileRef = C258564928DC533500D5C698 /* PersonModel.swift */; };
		C258564C28DC539900D5C698 /* PersonViewModel.swift in Sources */ = {isa = PBXBuildFile; fileRef = C258564B28DC539900D5C698 /* PersonViewModel.swift */; };
		C258564E28DC54CD00D5C698 /* PersonList.swift in Sources */ = {isa = PBXBuildFile; fileRef = C258564D28DC54CD00D5C698 /* PersonList.swift */; };
		C2745EA128D8A12400B87565 /* CLMultipleSheets#7.swift in Sources */ = {isa = PBXBuildFile; fileRef = C2745EA028D8A12400B87565 /* CLMultipleSheets#7.swift */; };
		C28543C928D1EA72004E3AD1 /* ContinuedLearningApp.swift in Sources */ = {isa = PBXBuildFile; fileRef = C28543C828D1EA72004E3AD1 /* ContinuedLearningApp.swift */; };
		C28543CB28D1EA72004E3AD1 /* ContentView.swift in Sources */ = {isa = PBXBuildFile; fileRef = C28543CA28D1EA72004E3AD1 /* ContentView.swift */; };
		C28543CD28D1EA73004E3AD1 /* Assets.xcassets in Resources */ = {isa = PBXBuildFile; fileRef = C28543CC28D1EA73004E3AD1 /* Assets.xcassets */; };
		C28543D028D1EA73004E3AD1 /* Preview Assets.xcassets in Resources */ = {isa = PBXBuildFile; fileRef = C28543CF28D1EA73004E3AD1 /* Preview Assets.xcassets */; };
		C297B25928E5D0A4006BDF17 /* FruitsContainer.xcdatamodeld in Sources */ = {isa = PBXBuildFile; fileRef = C297B25728E5D0A3006BDF17 /* FruitsContainer.xcdatamodeld */; };
		C2CB966028F44BFC002B86C0 /* CLBackgroundThread#17.swift in Sources */ = {isa = PBXBuildFile; fileRef = C2CB965F28F44BFB002B86C0 /* CLBackgroundThread#17.swift */; };
		C2D287A428D861C600342399 /* CLScrollViewReader#5.swift in Sources */ = {isa = PBXBuildFile; fileRef = C2D287A328D861C600342399 /* CLScrollViewReader#5.swift */; };
		C2D287A628D870E900342399 /* CLGeometryReader#6.swift in Sources */ = {isa = PBXBuildFile; fileRef = C2D287A528D870E900342399 /* CLGeometryReader#6.swift */; };
		C2DAB1EA28D9F02F00517791 /* CLHaptics#10.swift in Sources */ = {isa = PBXBuildFile; fileRef = C2DAB1E928D9F02E00517791 /* CLHaptics#10.swift */; };
		C2DAB1ED28D9F59300517791 /* HapticFunc.swift in Sources */ = {isa = PBXBuildFile; fileRef = C2DAB1EC28D9F59300517791 /* HapticFunc.swift */; };
		C2DAB1EF28D9F8ED00517791 /* CLLocalNotification.swift in Sources */ = {isa = PBXBuildFile; fileRef = C2DAB1EE28D9F8ED00517791 /* CLLocalNotification.swift */; };
		C2DAB1F228D9FBC900517791 /* NotificationManager.swift in Sources */ = {isa = PBXBuildFile; fileRef = C2DAB1F128D9FBC900517791 /* NotificationManager.swift */; };
/* End PBXBuildFile section */

/* Begin PBXFileReference section */
		C20305BF28FA93D000CEED74 /* DownloadJSONFromAPI22.swift */ = {isa = PBXFileReference; lastKnownFileType = sourcecode.swift; path = DownloadJSONFromAPI22.swift; sourceTree = "<group>"; };
		C20C504328E98472006FEB1D /* FruitViewModel.swift */ = {isa = PBXFileReference; lastKnownFileType = sourcecode.swift; path = FruitViewModel.swift; sourceTree = "<group>"; };
		C20C504628E989ED006FEB1D /* CLCoreDataRelationship16.swift */ = {isa = PBXFileReference; lastKnownFileType = sourcecode.swift; path = CLCoreDataRelationship16.swift; sourceTree = "<group>"; };
		C20C504928E98BE3006FEB1D /* CoreDataContainer.xcdatamodel */ = {isa = PBXFileReference; lastKnownFileType = wrapper.xcdatamodel; path = CoreDataContainer.xcdatamodel; sourceTree = "<group>"; };
		C20E714328F6AB3200687AC9 /* CLCodable21.swift */ = {isa = PBXFileReference; lastKnownFileType = sourcecode.swift; path = CLCodable21.swift; sourceTree = "<group>"; };
		C22000A028E5CD8A00DF61CC /* CLCoreData15.swift */ = {isa = PBXFileReference; lastKnownFileType = sourcecode.swift; path = CLCoreData15.swift; sourceTree = "<group>"; };
		C22741F228D3380500683444 /* CLLongPress#1.swift */ = {isa = PBXFileReference; lastKnownFileType = sourcecode.swift; path = "CLLongPress#1.swift"; sourceTree = "<group>"; };
		C258564928DC533500D5C698 /* PersonModel.swift */ = {isa = PBXFileReference; lastKnownFileType = sourcecode.swift; path = PersonModel.swift; sourceTree = "<group>"; };
		C258564B28DC539900D5C698 /* PersonViewModel.swift */ = {isa = PBXFileReference; lastKnownFileType = sourcecode.swift; path = PersonViewModel.swift; sourceTree = "<group>"; };
		C258564D28DC54CD00D5C698 /* PersonList.swift */ = {isa = PBXFileReference; lastKnownFileType = sourcecode.swift; path = PersonList.swift; sourceTree = "<group>"; };
		C2745EA028D8A12400B87565 /* CLMultipleSheets#7.swift */ = {isa = PBXFileReference; lastKnownFileType = sourcecode.swift; path = "CLMultipleSheets#7.swift"; sourceTree = "<group>"; };
		C28543C528D1EA72004E3AD1 /* ContinuedLearning.app */ = {isa = PBXFileReference; explicitFileType = wrapper.application; includeInIndex = 0; path = ContinuedLearning.app; sourceTree = BUILT_PRODUCTS_DIR; };
		C28543C828D1EA72004E3AD1 /* ContinuedLearningApp.swift */ = {isa = PBXFileReference; lastKnownFileType = sourcecode.swift; path = ContinuedLearningApp.swift; sourceTree = "<group>"; };
		C28543CA28D1EA72004E3AD1 /* ContentView.swift */ = {isa = PBXFileReference; lastKnownFileType = sourcecode.swift; path = ContentView.swift; sourceTree = "<group>"; };
		C28543CC28D1EA73004E3AD1 /* Assets.xcassets */ = {isa = PBXFileReference; lastKnownFileType = folder.assetcatalog; path = Assets.xcassets; sourceTree = "<group>"; };
		C28543CF28D1EA73004E3AD1 /* Preview Assets.xcassets */ = {isa = PBXFileReference; lastKnownFileType = folder.assetcatalog; path = "Preview Assets.xcassets"; sourceTree = "<group>"; };
		C297B25828E5D0A3006BDF17 /* FruitsContainer.xcdatamodel */ = {isa = PBXFileReference; lastKnownFileType = wrapper.xcdatamodel; path = FruitsContainer.xcdatamodel; sourceTree = "<group>"; };
		C2CB965F28F44BFB002B86C0 /* CLBackgroundThread#17.swift */ = {isa = PBXFileReference; lastKnownFileType = sourcecode.swift; path = "CLBackgroundThread#17.swift"; sourceTree = "<group>"; };
		C2D287A328D861C600342399 /* CLScrollViewReader#5.swift */ = {isa = PBXFileReference; lastKnownFileType = sourcecode.swift; path = "CLScrollViewReader#5.swift"; sourceTree = "<group>"; };
		C2D287A528D870E900342399 /* CLGeometryReader#6.swift */ = {isa = PBXFileReference; lastKnownFileType = sourcecode.swift; path = "CLGeometryReader#6.swift"; sourceTree = "<group>"; };
		C2DAB1E928D9F02E00517791 /* CLHaptics#10.swift */ = {isa = PBXFileReference; lastKnownFileType = sourcecode.swift; path = "CLHaptics#10.swift"; sourceTree = "<group>"; };
		C2DAB1EC28D9F59300517791 /* HapticFunc.swift */ = {isa = PBXFileReference; lastKnownFileType = sourcecode.swift; path = HapticFunc.swift; sourceTree = "<group>"; };
		C2DAB1EE28D9F8ED00517791 /* CLLocalNotification.swift */ = {isa = PBXFileReference; lastKnownFileType = sourcecode.swift; path = CLLocalNotification.swift; sourceTree = "<group>"; };
		C2DAB1F128D9FBC900517791 /* NotificationManager.swift */ = {isa = PBXFileReference; lastKnownFileType = sourcecode.swift; path = NotificationManager.swift; sourceTree = "<group>"; };
/* End PBXFileReference section */

/* Begin PBXFrameworksBuildPhase section */
		C28543C228D1EA72004E3AD1 /* Frameworks */ = {
			isa = PBXFrameworksBuildPhase;
			buildActionMask = 2147483647;
			files = (
			);
			runOnlyForDeploymentPostprocessing = 0;
		};
/* End PBXFrameworksBuildPhase section */

/* Begin PBXGroup section */
		C20C504528E98498006FEB1D /* CLCoreData */ = {
			isa = PBXGroup;
			children = (
				C20C504328E98472006FEB1D /* FruitViewModel.swift */,
				C22000A028E5CD8A00DF61CC /* CLCoreData15.swift */,
				C297B25728E5D0A3006BDF17 /* FruitsContainer.xcdatamodeld */,
			);
			path = CLCoreData;
			sourceTree = "<group>";
		};
		C258564828DC52EF00D5C698 /* CLFilter#13 */ = {
			isa = PBXGroup;
			children = (
				C258564928DC533500D5C698 /* PersonModel.swift */,
				C258564B28DC539900D5C698 /* PersonViewModel.swift */,
				C258564D28DC54CD00D5C698 /* PersonList.swift */,
			);
			path = "CLFilter#13";
			sourceTree = "<group>";
		};
		C28543BC28D1EA72004E3AD1 = {
			isa = PBXGroup;
			children = (
				C20305BF28FA93D000CEED74 /* DownloadJSONFromAPI22.swift */,
				C20C504528E98498006FEB1D /* CLCoreData */,
				C2CB965E28F2F8BE002B86C0 /* CLCoreDataRelationship */,
				C28543C728D1EA72004E3AD1 /* ContinuedLearning */,
				C28543C628D1EA72004E3AD1 /* Products */,
			);
			sourceTree = "<group>";
		};
		C28543C628D1EA72004E3AD1 /* Products */ = {
			isa = PBXGroup;
			children = (
				C28543C528D1EA72004E3AD1 /* ContinuedLearning.app */,
			);
			name = Products;
			sourceTree = "<group>";
		};
		C28543C728D1EA72004E3AD1 /* ContinuedLearning */ = {
			isa = PBXGroup;
			children = (
				C28543C828D1EA72004E3AD1 /* ContinuedLearningApp.swift */,
				C28543CA28D1EA72004E3AD1 /* ContentView.swift */,
				C22741F228D3380500683444 /* CLLongPress#1.swift */,
				C2D287A328D861C600342399 /* CLScrollViewReader#5.swift */,
				C2D287A528D870E900342399 /* CLGeometryReader#6.swift */,
				C2CB965F28F44BFB002B86C0 /* CLBackgroundThread#17.swift */,
				C2745EA028D8A12400B87565 /* CLMultipleSheets#7.swift */,
				C2DAB1EE28D9F8ED00517791 /* CLLocalNotification.swift */,
				C258564828DC52EF00D5C698 /* CLFilter#13 */,
				C2DAB1E928D9F02E00517791 /* CLHaptics#10.swift */,
				C20E714328F6AB3200687AC9 /* CLCodable21.swift */,
				C2DAB1F028D9FB9E00517791 /* Singleton */,
				C28543CC28D1EA73004E3AD1 /* Assets.xcassets */,
				C28543CE28D1EA73004E3AD1 /* Preview Content */,
			);
			path = ContinuedLearning;
			sourceTree = "<group>";
		};
		C28543CE28D1EA73004E3AD1 /* Preview Content */ = {
			isa = PBXGroup;
			children = (
				C28543CF28D1EA73004E3AD1 /* Preview Assets.xcassets */,
			);
			path = "Preview Content";
			sourceTree = "<group>";
		};
		C2CB965E28F2F8BE002B86C0 /* CLCoreDataRelationship */ = {
			isa = PBXGroup;
			children = (
				C20C504628E989ED006FEB1D /* CLCoreDataRelationship16.swift */,
				C20C504828E98BE3006FEB1D /* CoreDataContainer.xcdatamodeld */,
			);
			path = CLCoreDataRelationship;
			sourceTree = "<group>";
		};
		C2DAB1F028D9FB9E00517791 /* Singleton */ = {
			isa = PBXGroup;
			children = (
				C2DAB1EC28D9F59300517791 /* HapticFunc.swift */,
				C2DAB1F128D9FBC900517791 /* NotificationManager.swift */,
			);
			path = Singleton;
			sourceTree = "<group>";
		};
/* End PBXGroup section */

/* Begin PBXNativeTarget section */
		C28543C428D1EA72004E3AD1 /* ContinuedLearning */ = {
			isa = PBXNativeTarget;
			buildConfigurationList = C28543D328D1EA73004E3AD1 /* Build configuration list for PBXNativeTarget "ContinuedLearning" */;
			buildPhases = (
				C28543C128D1EA72004E3AD1 /* Sources */,
				C28543C228D1EA72004E3AD1 /* Frameworks */,
				C28543C328D1EA72004E3AD1 /* Resources */,
			);
			buildRules = (
			);
			dependencies = (
			);
			name = ContinuedLearning;
			productName = ContinuedLearning;
			productReference = C28543C528D1EA72004E3AD1 /* ContinuedLearning.app */;
			productType = "com.apple.product-type.application";
		};
/* End PBXNativeTarget section */

/* Begin PBXProject section */
		C28543BD28D1EA72004E3AD1 /* Project object */ = {
			isa = PBXProject;
			attributes = {
				BuildIndependentTargetsInParallel = 1;
				LastSwiftUpdateCheck = 1400;
				LastUpgradeCheck = 1400;
				TargetAttributes = {
					C28543C428D1EA72004E3AD1 = {
						CreatedOnToolsVersion = 14.0;
					};
				};
			};
			buildConfigurationList = C28543C028D1EA72004E3AD1 /* Build configuration list for PBXProject "ContinuedLearning" */;
			compatibilityVersion = "Xcode 14.0";
			developmentRegion = en;
			hasScannedForEncodings = 0;
			knownRegions = (
				en,
				Base,
			);
			mainGroup = C28543BC28D1EA72004E3AD1;
			productRefGroup = C28543C628D1EA72004E3AD1 /* Products */;
			projectDirPath = "";
			projectRoot = "";
			targets = (
				C28543C428D1EA72004E3AD1 /* ContinuedLearning */,
			);
		};
/* End PBXProject section */

/* Begin PBXResourcesBuildPhase section */
		C28543C328D1EA72004E3AD1 /* Resources */ = {
			isa = PBXResourcesBuildPhase;
			buildActionMask = 2147483647;
			files = (
				C28543D028D1EA73004E3AD1 /* Preview Assets.xcassets in Resources */,
				C28543CD28D1EA73004E3AD1 /* Assets.xcassets in Resources */,
			);
			runOnlyForDeploymentPostprocessing = 0;
		};
/* End PBXResourcesBuildPhase section */

/* Begin PBXSourcesBuildPhase section */
		C28543C128D1EA72004E3AD1 /* Sources */ = {
			isa = PBXSourcesBuildPhase;
			buildActionMask = 2147483647;
			files = (
				C2DAB1EF28D9F8ED00517791 /* CLLocalNotification.swift in Sources */,
				C2CB966028F44BFC002B86C0 /* CLBackgroundThread#17.swift in Sources */,
				C2DAB1ED28D9F59300517791 /* HapticFunc.swift in Sources */,
				C258564A28DC533500D5C698 /* PersonModel.swift in Sources */,
				C20C504728E989ED006FEB1D /* CLCoreDataRelationship16.swift in Sources */,
				C22000A128E5CD8A00DF61CC /* CLCoreData15.swift in Sources */,
				C258564C28DC539900D5C698 /* PersonViewModel.swift in Sources */,
				C20C504428E98472006FEB1D /* FruitViewModel.swift in Sources */,
				C2DAB1F228D9FBC900517791 /* NotificationManager.swift in Sources */,
				C22741F328D3380500683444 /* CLLongPress#1.swift in Sources */,
				C2DAB1EA28D9F02F00517791 /* CLHaptics#10.swift in Sources */,
				C2D287A428D861C600342399 /* CLScrollViewReader#5.swift in Sources */,
				C2745EA128D8A12400B87565 /* CLMultipleSheets#7.swift in Sources */,
				C20C504A28E98BE3006FEB1D /* CoreDataContainer.xcdatamodeld in Sources */,
				C258564E28DC54CD00D5C698 /* PersonList.swift in Sources */,
				C28543CB28D1EA72004E3AD1 /* ContentView.swift in Sources */,
				C20E714428F6AB3200687AC9 /* CLCodable21.swift in Sources */,
				C20305C028FA93D000CEED74 /* DownloadJSONFromAPI22.swift in Sources */,
				C297B25928E5D0A4006BDF17 /* FruitsContainer.xcdatamodeld in Sources */,
				C2D287A628D870E900342399 /* CLGeometryReader#6.swift in Sources */,
				C28543C928D1EA72004E3AD1 /* ContinuedLearningApp.swift in Sources */,
			);
			runOnlyForDeploymentPostprocessing = 0;
		};
/* End PBXSourcesBuildPhase section */

/* Begin XCBuildConfiguration section */
		C28543D128D1EA73004E3AD1 /* Debug */ = {
			isa = XCBuildConfiguration;
			buildSettings = {
				ALWAYS_SEARCH_USER_PATHS = NO;
				CLANG_ANALYZER_NONNULL = YES;
				CLANG_ANALYZER_NUMBER_OBJECT_CONVERSION = YES_AGGRESSIVE;
				CLANG_CXX_LANGUAGE_STANDARD = "gnu++20";
				CLANG_ENABLE_MODULES = YES;
				CLANG_ENABLE_OBJC_ARC = YES;
				CLANG_ENABLE_OBJC_WEAK = YES;
				CLANG_WARN_BLOCK_CAPTURE_AUTORELEASING = YES;
				CLANG_WARN_BOOL_CONVERSION = YES;
				CLANG_WARN_COMMA = YES;
				CLANG_WARN_CONSTANT_CONVERSION = YES;
				CLANG_WARN_DEPRECATED_OBJC_IMPLEMENTATIONS = YES;
				CLANG_WARN_DIRECT_OBJC_ISA_USAGE = YES_ERROR;
				CLANG_WARN_DOCUMENTATION_COMMENTS = YES;
				CLANG_WARN_EMPTY_BODY = YES;
				CLANG_WARN_ENUM_CONVERSION = YES;
				CLANG_WARN_INFINITE_RECURSION = YES;
				CLANG_WARN_INT_CONVERSION = YES;
				CLANG_WARN_NON_LITERAL_NULL_CONVERSION = YES;
				CLANG_WARN_OBJC_IMPLICIT_RETAIN_SELF = YES;
				CLANG_WARN_OBJC_LITERAL_CONVERSION = YES;
				CLANG_WARN_OBJC_ROOT_CLASS = YES_ERROR;
				CLANG_WARN_QUOTED_INCLUDE_IN_FRAMEWORK_HEADER = YES;
				CLANG_WARN_RANGE_LOOP_ANALYSIS = YES;
				CLANG_WARN_STRICT_PROTOTYPES = YES;
				CLANG_WARN_SUSPICIOUS_MOVE = YES;
				CLANG_WARN_UNGUARDED_AVAILABILITY = YES_AGGRESSIVE;
				CLANG_WARN_UNREACHABLE_CODE = YES;
				CLANG_WARN__DUPLICATE_METHOD_MATCH = YES;
				COPY_PHASE_STRIP = NO;
				DEBUG_INFORMATION_FORMAT = dwarf;
				ENABLE_STRICT_OBJC_MSGSEND = YES;
				ENABLE_TESTABILITY = YES;
				GCC_C_LANGUAGE_STANDARD = gnu11;
				GCC_DYNAMIC_NO_PIC = NO;
				GCC_NO_COMMON_BLOCKS = YES;
				GCC_OPTIMIZATION_LEVEL = 0;
				GCC_PREPROCESSOR_DEFINITIONS = (
					"DEBUG=1",
					"$(inherited)",
				);
				GCC_WARN_64_TO_32_BIT_CONVERSION = YES;
				GCC_WARN_ABOUT_RETURN_TYPE = YES_ERROR;
				GCC_WARN_UNDECLARED_SELECTOR = YES;
				GCC_WARN_UNINITIALIZED_AUTOS = YES_AGGRESSIVE;
				GCC_WARN_UNUSED_FUNCTION = YES;
				GCC_WARN_UNUSED_VARIABLE = YES;
				IPHONEOS_DEPLOYMENT_TARGET = 16.0;
				MTL_ENABLE_DEBUG_INFO = INCLUDE_SOURCE;
				MTL_FAST_MATH = YES;
				ONLY_ACTIVE_ARCH = YES;
				SDKROOT = iphoneos;
				SWIFT_ACTIVE_COMPILATION_CONDITIONS = DEBUG;
				SWIFT_OPTIMIZATION_LEVEL = "-Onone";
			};
			name = Debug;
		};
		C28543D228D1EA73004E3AD1 /* Release */ = {
			isa = XCBuildConfiguration;
			buildSettings = {
				ALWAYS_SEARCH_USER_PATHS = NO;
				CLANG_ANALYZER_NONNULL = YES;
				CLANG_ANALYZER_NUMBER_OBJECT_CONVERSION = YES_AGGRESSIVE;
				CLANG_CXX_LANGUAGE_STANDARD = "gnu++20";
				CLANG_ENABLE_MODULES = YES;
				CLANG_ENABLE_OBJC_ARC = YES;
				CLANG_ENABLE_OBJC_WEAK = YES;
				CLANG_WARN_BLOCK_CAPTURE_AUTORELEASING = YES;
				CLANG_WARN_BOOL_CONVERSION = YES;
				CLANG_WARN_COMMA = YES;
				CLANG_WARN_CONSTANT_CONVERSION = YES;
				CLANG_WARN_DEPRECATED_OBJC_IMPLEMENTATIONS = YES;
				CLANG_WARN_DIRECT_OBJC_ISA_USAGE = YES_ERROR;
				CLANG_WARN_DOCUMENTATION_COMMENTS = YES;
				CLANG_WARN_EMPTY_BODY = YES;
				CLANG_WARN_ENUM_CONVERSION = YES;
				CLANG_WARN_INFINITE_RECURSION = YES;
				CLANG_WARN_INT_CONVERSION = YES;
				CLANG_WARN_NON_LITERAL_NULL_CONVERSION = YES;
				CLANG_WARN_OBJC_IMPLICIT_RETAIN_SELF = YES;
				CLANG_WARN_OBJC_LITERAL_CONVERSION = YES;
				CLANG_WARN_OBJC_ROOT_CLASS = YES_ERROR;
				CLANG_WARN_QUOTED_INCLUDE_IN_FRAMEWORK_HEADER = YES;
				CLANG_WARN_RANGE_LOOP_ANALYSIS = YES;
				CLANG_WARN_STRICT_PROTOTYPES = YES;
				CLANG_WARN_SUSPICIOUS_MOVE = YES;
				CLANG_WARN_UNGUARDED_AVAILABILITY = YES_AGGRESSIVE;
				CLANG_WARN_UNREACHABLE_CODE = YES;
				CLANG_WARN__DUPLICATE_METHOD_MATCH = YES;
				COPY_PHASE_STRIP = NO;
				DEBUG_INFORMATION_FORMAT = "dwarf-with-dsym";
				ENABLE_NS_ASSERTIONS = NO;
				ENABLE_STRICT_OBJC_MSGSEND = YES;
				GCC_C_LANGUAGE_STANDARD = gnu11;
				GCC_NO_COMMON_BLOCKS = YES;
				GCC_WARN_64_TO_32_BIT_CONVERSION = YES;
				GCC_WARN_ABOUT_RETURN_TYPE = YES_ERROR;
				GCC_WARN_UNDECLARED_SELECTOR = YES;
				GCC_WARN_UNINITIALIZED_AUTOS = YES_AGGRESSIVE;
				GCC_WARN_UNUSED_FUNCTION = YES;
				GCC_WARN_UNUSED_VARIABLE = YES;
				IPHONEOS_DEPLOYMENT_TARGET = 16.0;
				MTL_ENABLE_DEBUG_INFO = NO;
				MTL_FAST_MATH = YES;
				SDKROOT = iphoneos;
				SWIFT_COMPILATION_MODE = wholemodule;
				SWIFT_OPTIMIZATION_LEVEL = "-O";
				VALIDATE_PRODUCT = YES;
			};
			name = Release;
		};
		C28543D428D1EA73004E3AD1 /* Debug */ = {
			isa = XCBuildConfiguration;
			buildSettings = {
				ASSETCATALOG_COMPILER_APPICON_NAME = AppIcon;
				ASSETCATALOG_COMPILER_GLOBAL_ACCENT_COLOR_NAME = AccentColor;
				CODE_SIGN_STYLE = Automatic;
				CURRENT_PROJECT_VERSION = 1;
				DEVELOPMENT_ASSET_PATHS = "\"ContinuedLearning/Preview Content\"";
				DEVELOPMENT_TEAM = S5458AA7DS;
				ENABLE_PREVIEWS = YES;
				GENERATE_INFOPLIST_FILE = YES;
				INFOPLIST_KEY_UIApplicationSceneManifest_Generation = YES;
				INFOPLIST_KEY_UIApplicationSupportsIndirectInputEvents = YES;
				INFOPLIST_KEY_UILaunchScreen_Generation = YES;
				INFOPLIST_KEY_UISupportedInterfaceOrientations_iPad = "UIInterfaceOrientationPortrait UIInterfaceOrientationPortraitUpsideDown UIInterfaceOrientationLandscapeLeft UIInterfaceOrientationLandscapeRight";
				INFOPLIST_KEY_UISupportedInterfaceOrientations_iPhone = "UIInterfaceOrientationPortrait UIInterfaceOrientationLandscapeLeft UIInterfaceOrientationLandscapeRight";
				IPHONEOS_DEPLOYMENT_TARGET = 16.0;
				LD_RUNPATH_SEARCH_PATHS = (
					"$(inherited)",
					"@executable_path/Frameworks",
				);
				MARKETING_VERSION = 1.0;
				PRODUCT_BUNDLE_IDENTIFIER = zhuyuxuan.ContinuedLearning;
				PRODUCT_NAME = "$(TARGET_NAME)";
				SWIFT_EMIT_LOC_STRINGS = YES;
				SWIFT_VERSION = 5.0;
				TARGETED_DEVICE_FAMILY = "1,2";
			};
			name = Debug;
		};
		C28543D528D1EA73004E3AD1 /* Release */ = {
			isa = XCBuildConfiguration;
			buildSettings = {
				ASSETCATALOG_COMPILER_APPICON_NAME = AppIcon;
				ASSETCATALOG_COMPILER_GLOBAL_ACCENT_COLOR_NAME = AccentColor;
				CODE_SIGN_STYLE = Automatic;
				CURRENT_PROJECT_VERSION = 1;
				DEVELOPMENT_ASSET_PATHS = "\"ContinuedLearning/Preview Content\"";
				DEVELOPMENT_TEAM = S5458AA7DS;
				ENABLE_PREVIEWS = YES;
				GENERATE_INFOPLIST_FILE = YES;
				INFOPLIST_KEY_UIApplicationSceneManifest_Generation = YES;
				INFOPLIST_KEY_UIApplicationSupportsIndirectInputEvents = YES;
				INFOPLIST_KEY_UILaunchScreen_Generation = YES;
				INFOPLIST_KEY_UISupportedInterfaceOrientations_iPad = "UIInterfaceOrientationPortrait UIInterfaceOrientationPortraitUpsideDown UIInterfaceOrientationLandscapeLeft UIInterfaceOrientationLandscapeRight";
				INFOPLIST_KEY_UISupportedInterfaceOrientations_iPhone = "UIInterfaceOrientationPortrait UIInterfaceOrientationLandscapeLeft UIInterfaceOrientationLandscapeRight";
				IPHONEOS_DEPLOYMENT_TARGET = 16.0;
				LD_RUNPATH_SEARCH_PATHS = (
					"$(inherited)",
					"@executable_path/Frameworks",
				);
				MARKETING_VERSION = 1.0;
				PRODUCT_BUNDLE_IDENTIFIER = zhuyuxuan.ContinuedLearning;
				PRODUCT_NAME = "$(TARGET_NAME)";
				SWIFT_EMIT_LOC_STRINGS = YES;
				SWIFT_VERSION = 5.0;
				TARGETED_DEVICE_FAMILY = "1,2";
			};
			name = Release;
		};
/* End XCBuildConfiguration section */

/* Begin XCConfigurationList section */
		C28543C028D1EA72004E3AD1 /* Build configuration list for PBXProject "ContinuedLearning" */ = {
			isa = XCConfigurationList;
			buildConfigurations = (
				C28543D128D1EA73004E3AD1 /* Debug */,
				C28543D228D1EA73004E3AD1 /* Release */,
			);
			defaultConfigurationIsVisible = 0;
			defaultConfigurationName = Release;
		};
		C28543D328D1EA73004E3AD1 /* Build configuration list for PBXNativeTarget "ContinuedLearning" */ = {
			isa = XCConfigurationList;
			buildConfigurations = (
				C28543D428D1EA73004E3AD1 /* Debug */,
				C28543D528D1EA73004E3AD1 /* Release */,
			);
			defaultConfigurationIsVisible = 0;
			defaultConfigurationName = Release;
		};
/* End XCConfigurationList section */

/* Begin XCVersionGroup section */
		C20C504828E98BE3006FEB1D /* CoreDataContainer.xcdatamodeld */ = {
			isa = XCVersionGroup;
			children = (
				C20C504928E98BE3006FEB1D /* CoreDataContainer.xcdatamodel */,
			);
			currentVersion = C20C504928E98BE3006FEB1D /* CoreDataContainer.xcdatamodel */;
			path = CoreDataContainer.xcdatamodeld;
			sourceTree = "<group>";
			versionGroupType = wrapper.xcdatamodel;
		};
		C297B25728E5D0A3006BDF17 /* FruitsContainer.xcdatamodeld */ = {
			isa = XCVersionGroup;
			children = (
				C297B25828E5D0A3006BDF17 /* FruitsContainer.xcdatamodel */,
			);
			currentVersion = C297B25828E5D0A3006BDF17 /* FruitsContainer.xcdatamodel */;
			path = FruitsContainer.xcdatamodeld;
			sourceTree = "<group>";
			versionGroupType = wrapper.xcdatamodel;
		};
/* End XCVersionGroup section */
	};
	rootObject = C28543BD28D1EA72004E3AD1 /* Project object */;
}
